
Microsoft Visual Studio Solution File, Format Version 12.00
# Visual Studio Version 16
VisualStudioVersion = 16.0.29519.181
MinimumVisualStudioVersion = 10.0.40219.1
Project("{FAE04EC0-301F-11D3-BF4B-00C04F79EFBC}") = "Project 1", "Project 1\Project 1.csproj", "{483900BD-972F-4FBF-9F96-2A3553D1F978}"
EndProject
Project("{FAE04EC0-301F-11D3-BF4B-00C04F79EFBC}") = "BaseFeatures", "BaseFeatures\BaseFeatures.csproj", "{46D3AA7F-523C-452E-80B9-BF3BCF419E3D}"
EndProject
Global
	GlobalSection(SolutionConfigurationPlatforms) = preSolution
		Debug|Any CPU = Debug|Any CPU
		Release|Any CPU = Release|Any CPU
	EndGlobalSection
	GlobalSection(ProjectConfigurationPlatforms) = postSolution
		{483900BD-972F-4FBF-9F96-2A3553D1F978}.Debug|Any CPU.ActiveCfg = Debug|Any CPU
		{483900BD-972F-4FBF-9F96-2A3553D1F978}.Debug|Any CPU.Build.0 = Debug|Any CPU
		{483900BD-972F-4FBF-9F96-2A3553D1F978}.Release|Any CPU.ActiveCfg = Release|Any CPU
		{483900BD-972F-4FBF-9F96-2A3553D1F978}.Release|Any CPU.Build.0 = Release|Any CPU
		{46D3AA7F-523C-452E-80B9-BF3BCF419E3D}.Debug|Any CPU.ActiveCfg = Debug|Any CPU
		{46D3AA7F-523C-452E-80B9-BF3BCF419E3D}.Debug|Any CPU.Build.0 = Debug|Any CPU
		{46D3AA7F-523C-452E-80B9-BF3BCF419E3D}.Release|Any CPU.ActiveCfg = Release|Any CPU
		{46D3AA7F-523C-452E-80B9-BF3BCF419E3D}.Release|Any CPU.Build.0 = Release|Any CPU
	EndGlobalSection
	GlobalSection(SolutionProperties) = preSolution
		HideSolutionNode = FALSE
	EndGlobalSection
	GlobalSection(ExtensibilityGlobals) = postSolution
		SolutionGuid = {217F19AC-8000-4CF4-B062-7F3DBA6C4289}
	EndGlobalSection
EndGlobal
